
Microsoft Visual Studio Solution File, Format Version 12.00
# Visual Studio Version 17
VisualStudioVersion = 17.2.32630.192
MinimumVisualStudioVersion = 10.0.40219.1
Project("{9A19103F-16F7-4668-BE54-9A1E7A4F7556}") = "ARM_MedRegistrar", "ARM_MedRegistrar\ARM_MedRegistrar.csproj", "{06FE1884-8C12-4391-B465-41DD09239DD4}"
EndProject
Project("{FAE04EC0-301F-11D3-BF4B-00C04F79EFBC}") = "ARM_MedRegistrar_Tests", "ARM_MedRegistrar_Tests\ARM_MedRegistrar_Tests.csproj", "{C72A5E8B-E279-45B6-9E43-7393323EE7D8}"
EndProject
Global
	GlobalSection(SolutionConfigurationPlatforms) = preSolution
		Debug|Any CPU = Debug|Any CPU
		Release|Any CPU = Release|Any CPU
	EndGlobalSection
	GlobalSection(ProjectConfigurationPlatforms) = postSolution
		{06FE1884-8C12-4391-B465-41DD09239DD4}.Debug|Any CPU.ActiveCfg = Debug|Any CPU
		{06FE1884-8C12-4391-B465-41DD09239DD4}.Debug|Any CPU.Build.0 = Debug|Any CPU
		{06FE1884-8C12-4391-B465-41DD09239DD4}.Release|Any CPU.ActiveCfg = Release|Any CPU
		{06FE1884-8C12-4391-B465-41DD09239DD4}.Release|Any CPU.Build.0 = Release|Any CPU
		{C72A5E8B-E279-45B6-9E43-7393323EE7D8}.Debug|Any CPU.ActiveCfg = Debug|Any CPU
		{C72A5E8B-E279-45B6-9E43-7393323EE7D8}.Debug|Any CPU.Build.0 = Debug|Any CPU
		{C72A5E8B-E279-45B6-9E43-7393323EE7D8}.Release|Any CPU.ActiveCfg = Release|Any CPU
		{C72A5E8B-E279-45B6-9E43-7393323EE7D8}.Release|Any CPU.Build.0 = Release|Any CPU
	EndGlobalSection
	GlobalSection(SolutionProperties) = preSolution
		HideSolutionNode = FALSE
	EndGlobalSection
	GlobalSection(ExtensibilityGlobals) = postSolution
		SolutionGuid = {CD72A342-1158-4208-AA03-51C77BC5C541}
	EndGlobalSection
EndGlobal
